<?xml version="1.0" encoding="utf-8"?>
<Project ToolsVersion="4.0" xmlns="http://schemas.microsoft.com/developer/msbuild/2003">
  <ItemGroup>
    <Filter Include="源文件">
      <UniqueIdentifier>{4FC737F1-C7A5-4376-A066-2A32D752A2FF}</UniqueIdentifier>
      <Extensions>cpp;c;cc;cxx;def;odl;idl;hpj;bat;asm;asmx</Extensions>
    </Filter>
    <Filter Include="头文件">
      <UniqueIdentifier>{93995380-89BD-4b04-88EB-625FBE52EBFB}</UniqueIdentifier>
      <Extensions>h;hh;hpp;hxx;hm;inl;inc;ipp;xsd</Extensions>
    </Filter>
    <Filter Include="资源文件">
      <UniqueIdentifier>{67DA6AB6-F800-4c08-8B7A-83BB121AAD01}</UniqueIdentifier>
      <Extensions>rc;ico;cur;bmp;dlg;rc2;rct;bin;rgs;gif;jpg;jpeg;jpe;resx;tiff;tif;png;wav;mfcribbon-ms</Extensions>
    </Filter>
  </ItemGroup>
  <ItemGroup>
    <ClInclude Include="stdafx.h">
      <Filter>头文件</Filter>
    </ClInclude>
    <ClInclude Include="targetver.h">
      <Filter>头文件</Filter>
    </ClInclude>
    <ClInclude Include="MainWindow.h">
      <Filter>头文件</Filter>
    </ClInclude>
    <ClInclude Include="resource.h">
      <Filter>头文件</Filter>
    </ClInclude>
    <ClInclude Include="JiYuTrainerUI.h">
      <Filter>头文件</Filter>
    </ClInclude>
    <ClInclude Include="HelpWindow.h">
      <Filter>头文件</Filter>
    </ClInclude>
    <ClInclude Include="UpdaterWindow.h">
      <Filter>头文件</Filter>
    </ClInclude>
    <ClInclude Include="ConfigWindow.h">
      <Filter>头文件</Filter>
    </ClInclude>
    <ClInclude Include="BugReportWindow.h">
      <Filter>头文件</Filter>
    </ClInclude>
    <ClInclude Include="AttackWindow.h">
      <Filter>头文件</Filter>
    </ClInclude>
    <ClInclude Include="ScanIPWindow.h">
      <Filter>头文件</Filter>
    </ClInclude>
    <ClInclude Include="messags.h">
      <Filter>头文件</Filter>
    </ClInclude>
    <ClInclude Include="CommonWindow.h">
      <Filter>头文件</Filter>
    </ClInclude>
  </ItemGroup>
  <ItemGroup>
    <ClCompile Include="stdafx.cpp">
      <Filter>源文件</Filter>
    </ClCompile>
    <ClCompile Include="JiYuTrainerUI.cpp">
      <Filter>源文件</Filter>
    </ClCompile>
    <ClCompile Include="MainWindow.cpp">
      <Filter>源文件</Filter>
    </ClCompile>
    <ClCompile Include="HelpWindow.cpp">
      <Filter>源文件</Filter>
    </ClCompile>
    <ClCompile Include="UpdaterWindow.cpp">
      <Filter>源文件</Filter>
    </ClCompile>
    <ClCompile Include="ConfigWindow.cpp">
      <Filter>源文件</Filter>
    </ClCompile>
    <ClCompile Include="BugReportWindow.cpp">
      <Filter>源文件</Filter>
    </ClCompile>
    <ClCompile Include="AttackWindow.cpp">
      <Filter>源文件</Filter>
    </ClCompile>
    <ClCompile Include="ScanIPWindow.cpp">
      <Filter>源文件</Filter>
    </ClCompile>
    <ClCompile Include="CommonWindow.cpp">
      <Filter>源文件</Filter>
    </ClCompile>
  </ItemGroup>
  <ItemGroup>
    <ResourceCompile Include="JiYuTrainerUI.rc">
      <Filter>资源文件</Filter>
    </ResourceCompile>
  </ItemGroup>
  <ItemGroup>
    <Image Include="..\JiYuTrainer\JiYuKillerLoader.ico">
      <Filter>资源文件</Filter>
    </Image>
    <Image Include="res\bg-shadow.png">
      <Filter>资源文件</Filter>
    </Image>
    <Image Include="res\footer-x2.png">
      <Filter>资源文件</Filter>
    </Image>
    <Image Include="res\bg-area.png">
      <Filter>资源文件</Filter>
    </Image>
    <Image Include="res\icon-main-small.png">
      <Filter>资源文件</Filter>
    </Image>
    <Image Include="res\btn-close.png">
      <Filter>资源文件</Filter>
    </Image>
    <Image Include="res\btn-min.png">
      <Filter>资源文件</Filter>
    </Image>
    <Image Include="res\bg-main-state.png">
      <Filter>资源文件</Filter>
    </Image>
    <Image Include="res\states.png">
      <Filter>资源文件</Filter>
    </Image>
    <Image Include="res\btn-footers.png">
      <Filter>资源文件</Filter>
    </Image>
    <Image Include="res\footer-xnotwork.png">
      <Filter>资源文件</Filter>
    </Image>
    <Image Include="res\footer-xok.png">
      <Filter>资源文件</Filter>
    </Image>
    <Image Include="res\footer-xwarn.png">
      <Filter>资源文件</Filter>
    </Image>
    <Image Include="res\footer-xwork.png">
      <Filter>资源文件</Filter>
    </Image>
    <Image Include="res\logo128.png">
      <Filter>资源文件</Filter>
    </Image>
    <Image Include="..\JiYuTrainerLogo.ico">
      <Filter>资源文件</Filter>
    </Image>
    <Image Include="res\footer-mask.png">
      <Filter>资源文件</Filter>
    </Image>
    <Image Include="res\logo-text.png">
      <Filter>资源文件</Filter>
    </Image>
    <Image Include="res\version-text.png">
      <Filter>资源文件</Filter>
    </Image>
    <Image Include="res\VERSION-DETAIL.png">
      <Filter>资源文件</Filter>
    </Image>
    <Image Include="res\update_bg.png">
      <Filter>资源文件</Filter>
    </Image>
    <Image Include="..\JiYuTrainerBug.ico">
      <Filter>资源文件</Filter>
    </Image>
    <Image Include="res\JiYuTrainerHelp1.png">
      <Filter>资源文件</Filter>
    </Image>
    <Image Include="res\JiYuTrainerHelp2.png">
      <Filter>资源文件</Filter>
    </Image>
    <Image Include="res\JiYuTrainerHelp3.png">
      <Filter>资源文件</Filter>
    </Image>
    <Image Include="res\checkbox-checked.png">
      <Filter>资源文件</Filter>
    </Image>
    <Image Include="res\checkbox-uncheck.png">
      <Filter>资源文件</Filter>
    </Image>
    <Image Include="res\checkboxs.png">
      <Filter>资源文件</Filter>
    </Image>
    <Image Include="res\link-icons.png">
      <Filter>资源文件</Filter>
    </Image>
    <Image Include="res\close.ico">
      <Filter>资源文件</Filter>
    </Image>
    <Image Include="res\help.ico">
      <Filter>资源文件</Filter>
    </Image>
    <Image Include="res\close-small.bmp">
      <Filter>资源文件</Filter>
    </Image>
    <Image Include="res\help-small.bmp">
      <Filter>资源文件</Filter>
    </Image>
    <Image Include="..\icon1.ico">
      <Filter>资源文件</Filter>
    </Image>
    <Image Include="..\JiYuTrainerWarn.ico">
      <Filter>资源文件</Filter>
    </Image>
  </ItemGroup>
  <ItemGroup>
    <None Include="MainWindow.html" />
    <None Include="HelpWindow.html" />
    <None Include="UpdaterWindow.html" />
    <None Include="AttackWindow.html" />
    <None Include="ScanIPWindow.html" />
  </ItemGroup>
</Project>