<?xml version="1.0" encoding="utf-8"?>
<Project ToolsVersion="4.0" xmlns="http://schemas.microsoft.com/developer/msbuild/2003">
  <ItemGroup>
    <Filter Include="源文件">
      <UniqueIdentifier>{4FC737F1-C7A5-4376-A066-2A32D752A2FF}</UniqueIdentifier>
      <Extensions>cpp;c;cc;cxx;def;odl;idl;hpj;bat;asm;asmx</Extensions>
    </Filter>
    <Filter Include="头文件">
      <UniqueIdentifier>{93995380-89BD-4b04-88EB-625FBE52EBFB}</UniqueIdentifier>
      <Extensions>h;hh;hpp;hxx;hm;inl;inc;ipp;xsd</Extensions>
    </Filter>
    <Filter Include="资源文件">
      <UniqueIdentifier>{67DA6AB6-F800-4c08-8B7A-83BB121AAD01}</UniqueIdentifier>
      <Extensions>rc;ico;cur;bmp;dlg;rc2;rct;bin;rgs;gif;jpg;jpeg;jpe;resx;tiff;tif;png;wav;mfcribbon-ms</Extensions>
    </Filter>
    <Filter Include="头文件\Utils">
      <UniqueIdentifier>{044232e6-af72-4b7f-a83f-107b39bd2cc3}</UniqueIdentifier>
    </Filter>
    <Filter Include="源文件\Utils">
      <UniqueIdentifier>{ffb67cba-cbf8-4886-9af9-5fe80756690a}</UniqueIdentifier>
    </Filter>
  </ItemGroup>
  <ItemGroup>
    <ClInclude Include="stdafx.h">
      <Filter>头文件</Filter>
    </ClInclude>
    <ClInclude Include="targetver.h">
      <Filter>头文件</Filter>
    </ClInclude>
    <ClInclude Include="Resource.h">
      <Filter>头文件</Filter>
    </ClInclude>
    <ClInclude Include="JiYuTrainer.h">
      <Filter>头文件</Filter>
    </ClInclude>
    <ClInclude Include="StringHlp.h">
      <Filter>头文件\Utils</Filter>
    </ClInclude>
    <ClInclude Include="SysHlp.h">
      <Filter>头文件\Utils</Filter>
    </ClInclude>
    <ClInclude Include="VersionHelpers.h">
      <Filter>头文件\Utils</Filter>
    </ClInclude>
    <ClInclude Include="DriverLoader.h">
      <Filter>头文件\Utils</Filter>
    </ClInclude>
    <ClInclude Include="NtHlp.h">
      <Filter>头文件\Utils</Filter>
    </ClInclude>
    <ClInclude Include="App.h">
      <Filter>头文件</Filter>
    </ClInclude>
    <ClInclude Include="KernelUtils.h">
      <Filter>头文件\Utils</Filter>
    </ClInclude>
    <ClInclude Include="Logger.h">
      <Filter>头文件</Filter>
    </ClInclude>
    <ClInclude Include="SettingHlp.h">
      <Filter>头文件\Utils</Filter>
    </ClInclude>
    <ClInclude Include="MsgCenter.h">
      <Filter>头文件\Utils</Filter>
    </ClInclude>
    <ClInclude Include="TrainerWorker.h">
      <Filter>头文件</Filter>
    </ClInclude>
    <ClInclude Include="md5.h">
      <Filter>头文件\Utils</Filter>
    </ClInclude>
    <ClInclude Include="MD5Utils.h">
      <Filter>头文件\Utils</Filter>
    </ClInclude>
    <ClInclude Include="AppPublic.h">
      <Filter>头文件</Filter>
    </ClInclude>
    <ClInclude Include="PathHelper.h">
      <Filter>头文件\Utils</Filter>
    </ClInclude>
    <ClInclude Include="TxtUtils.h">
      <Filter>头文件\Utils</Filter>
    </ClInclude>
    <ClInclude Include="StringSplit.h">
      <Filter>头文件\Utils</Filter>
    </ClInclude>
    <ClInclude Include="MemoryModule.h">
      <Filter>头文件\Utils</Filter>
    </ClInclude>
    <ClInclude Include="XZip.h">
      <Filter>头文件\Utils</Filter>
    </ClInclude>
    <ClInclude Include="XUnzip.h">
      <Filter>头文件\Utils</Filter>
    </ClInclude>
    <ClInclude Include="RegHlp.h">
      <Filter>头文件\Utils</Filter>
    </ClInclude>
    <ClInclude Include="JyUdpAttack.h">
      <Filter>头文件</Filter>
    </ClInclude>
    <ClInclude Include="NetUtils.h">
      <Filter>头文件\Utils</Filter>
    </ClInclude>
    <ClInclude Include="CAutoLock.h">
      <Filter>头文件\Utils</Filter>
    </ClInclude>
  </ItemGroup>
  <ItemGroup>
    <ClCompile Include="stdafx.cpp">
      <Filter>源文件</Filter>
    </ClCompile>
    <ClCompile Include="JiYuTrainer.cpp">
      <Filter>源文件</Filter>
    </ClCompile>
    <ClCompile Include="StringHlp.cpp">
      <Filter>源文件\Utils</Filter>
    </ClCompile>
    <ClCompile Include="SysHlp.cpp">
      <Filter>源文件\Utils</Filter>
    </ClCompile>
    <ClCompile Include="DriverLoader.cpp">
      <Filter>源文件\Utils</Filter>
    </ClCompile>
    <ClCompile Include="NtHlp.cpp">
      <Filter>源文件\Utils</Filter>
    </ClCompile>
    <ClCompile Include="App.cpp">
      <Filter>源文件</Filter>
    </ClCompile>
    <ClCompile Include="KernelUtils.cpp">
      <Filter>源文件\Utils</Filter>
    </ClCompile>
    <ClCompile Include="Logger.cpp">
      <Filter>源文件</Filter>
    </ClCompile>
    <ClCompile Include="SettingHlp.cpp">
      <Filter>源文件</Filter>
    </ClCompile>
    <ClCompile Include="MsgCenter.cpp">
      <Filter>源文件\Utils</Filter>
    </ClCompile>
    <ClCompile Include="TrainerWorker.cpp">
      <Filter>源文件</Filter>
    </ClCompile>
    <ClCompile Include="MD5Utils.cpp">
      <Filter>源文件\Utils</Filter>
    </ClCompile>
    <ClCompile Include="md5.cpp">
      <Filter>源文件\Utils</Filter>
    </ClCompile>
    <ClCompile Include="PathHelper.cpp">
      <Filter>源文件\Utils</Filter>
    </ClCompile>
    <ClCompile Include="TxtUtils.cpp">
      <Filter>源文件\Utils</Filter>
    </ClCompile>
    <ClCompile Include="StringSplit.cpp">
      <Filter>源文件\Utils</Filter>
    </ClCompile>
    <ClCompile Include="MemoryModule.cpp">
      <Filter>源文件\Utils</Filter>
    </ClCompile>
    <ClCompile Include="XUnzip.cpp">
      <Filter>源文件\Utils</Filter>
    </ClCompile>
    <ClCompile Include="XZip.cpp">
      <Filter>源文件\Utils</Filter>
    </ClCompile>
    <ClCompile Include="RegHlp.cpp">
      <Filter>源文件\Utils</Filter>
    </ClCompile>
    <ClCompile Include="JyUdpAttack.cpp">
      <Filter>源文件</Filter>
    </ClCompile>
    <ClCompile Include="NetUtils.cpp">
      <Filter>源文件\Utils</Filter>
    </ClCompile>
    <ClCompile Include="CAutoLock.cpp">
      <Filter>源文件\Utils</Filter>
    </ClCompile>
  </ItemGroup>
  <ItemGroup>
    <ResourceCompile Include="JiYuTrainer.rc">
      <Filter>资源文件</Filter>
    </ResourceCompile>
  </ItemGroup>
  <ItemGroup>
    <Image Include="small.ico">
      <Filter>资源文件</Filter>
    </Image>
    <Image Include="JiYuTrainer.ico">
      <Filter>资源文件</Filter>
    </Image>
    <Image Include="JiYuKillerLoader.ico">
      <Filter>资源文件</Filter>
    </Image>
    <Image Include="..\JiYuTrainerLogo.ico">
      <Filter>资源文件</Filter>
    </Image>
  </ItemGroup>
  <ItemGroup>
    <None Include="..\Debug\JiYuTrainerDriver.sys" />
    <None Include="..\Debug\JiYuTrainerHooks.dll" />
    <None Include="..\Debug\sciter.dll" />
    <None Include="..\Release\JiYuTrainerDriver.sys" />
    <None Include="..\Release\JiYuTrainerHooks.dll" />
    <None Include="..\Release\sciter.dll" />
  </ItemGroup>
</Project>